
Microsoft Visual Studio Solution File, Format Version 12.00
# Visual Studio Version 17
VisualStudioVersion = 17.11.35303.130
MinimumVisualStudioVersion = 10.0.40219.1
Project("{2150E333-8FDC-42A3-9474-1A3956D46DE8}") = "Task0", "Task0", "{6164FF06-9753-4911-9B58-C48903E7008C}"
EndProject
Project("{9A19103F-16F7-4668-BE54-9A1E7A4F7556}") = "Tyuiu.FrankoVA.Sprint2.Task0.V19", "Tyuiu.FrankoVA.Sprint2.Task0.V19\Tyuiu.FrankoVA.Sprint2.Task0.V19.csproj", "{04A2E709-69CD-4457-89EF-12EE18682F3F}"
EndProject
Project("{9A19103F-16F7-4668-BE54-9A1E7A4F7556}") = "Tyuiu.FrankoVA.Sprint2.Task0.V19.Lib", "Tyuiu.FrankoVA.Sprint2.Task0.V19.Lib\Tyuiu.FrankoVA.Sprint2.Task0.V19.Lib.csproj", "{EEB3025D-6356-4DFC-8303-CCAC9BE63874}"
EndProject
Project("{9A19103F-16F7-4668-BE54-9A1E7A4F7556}") = "Tyuiu.FrankoVA.Sprint2.Task0.V19.Test", "Tyuiu.FrankoVA.Sprint2.Task0.V19.Test\Tyuiu.FrankoVA.Sprint2.Task0.V19.Test.csproj", "{29422E47-6718-4393-83FE-54548331D537}"
EndProject
Project("{2150E333-8FDC-42A3-9474-1A3956D46DE8}") = "Task1", "Task1", "{4915999A-59B4-4060-8D62-FD4F28AA4AAC}"
EndProject
Project("{9A19103F-16F7-4668-BE54-9A1E7A4F7556}") = "Tyuiu.FrankoVA.Sprint2.Task1.V15", "Tyuiu.FrankoVA.Sprint2.Task1.V15\Tyuiu.FrankoVA.Sprint2.Task1.V15.csproj", "{51797072-44A1-4F17-86AF-A2C88A307F42}"
EndProject
Project("{9A19103F-16F7-4668-BE54-9A1E7A4F7556}") = "Tyuiu.FrankoVA.Sprint2.Task1.V15.Test", "Tyuiu.FrankoVA.Sprint2.Task1.V15.Test\Tyuiu.FrankoVA.Sprint2.Task1.V15.Test.csproj", "{5A83B9B0-69D8-4DD0-B627-65FBB4FAA04D}"
EndProject
Project("{9A19103F-16F7-4668-BE54-9A1E7A4F7556}") = "Tyuiu.FrankoVA.Sprint2.Task1.V15.Lib", "Tyuiu.FrankoVA.Sprint2.Task1.V15.Lib\Tyuiu.FrankoVA.Sprint2.Task1.V15.Lib.csproj", "{3B9ED797-B28B-489F-8C8A-75C4C8986BC6}"
EndProject
Project("{2150E333-8FDC-42A3-9474-1A3956D46DE8}") = "Task2", "Task2", "{5CEA95EE-1843-46D5-964D-5DCC43B435D5}"
EndProject
Project("{FAE04EC0-301F-11D3-BF4B-00C04F79EFBC}") = "Tyuiu.FrankoVA.Sprint2.Task2.V30", "Tyuiu.FrankoVA.Sprint2.Task2.V30\Tyuiu.FrankoVA.Sprint2.Task2.V30.csproj", "{F41D2137-5C87-4E10-ABA7-61DDD3C93C46}"
EndProject
Project("{FAE04EC0-301F-11D3-BF4B-00C04F79EFBC}") = "Tyuiu.FrankoVA.Sprint2.Task2.V30.Lib", "Tyuiu.FrankoVA.Sprint2.Task2.V30.Lib\Tyuiu.FrankoVA.Sprint2.Task2.V30.Lib.csproj", "{C1F62EC1-517C-45AE-BC2B-2B9CFDF49955}"
EndProject
Project("{FAE04EC0-301F-11D3-BF4B-00C04F79EFBC}") = "Tyuiu.FrankoVA.Sprint2.Task2.V30.Test", "Tyuiu.FrankoVA.Sprint2.Task2.V30.Test\Tyuiu.FrankoVA.Sprint2.Task2.V30.Test.csproj", "{87ADD5A9-86C7-4839-A7B7-993551C2E8B1}"
EndProject
Global
	GlobalSection(SolutionConfigurationPlatforms) = preSolution
		Debug|Any CPU = Debug|Any CPU
		Release|Any CPU = Release|Any CPU
	EndGlobalSection
	GlobalSection(ProjectConfigurationPlatforms) = postSolution
		{04A2E709-69CD-4457-89EF-12EE18682F3F}.Debug|Any CPU.ActiveCfg = Debug|Any CPU
		{04A2E709-69CD-4457-89EF-12EE18682F3F}.Debug|Any CPU.Build.0 = Debug|Any CPU
		{04A2E709-69CD-4457-89EF-12EE18682F3F}.Release|Any CPU.ActiveCfg = Release|Any CPU
		{04A2E709-69CD-4457-89EF-12EE18682F3F}.Release|Any CPU.Build.0 = Release|Any CPU
		{EEB3025D-6356-4DFC-8303-CCAC9BE63874}.Debug|Any CPU.ActiveCfg = Debug|Any CPU
		{EEB3025D-6356-4DFC-8303-CCAC9BE63874}.Debug|Any CPU.Build.0 = Debug|Any CPU
		{EEB3025D-6356-4DFC-8303-CCAC9BE63874}.Release|Any CPU.ActiveCfg = Release|Any CPU
		{EEB3025D-6356-4DFC-8303-CCAC9BE63874}.Release|Any CPU.Build.0 = Release|Any CPU
		{29422E47-6718-4393-83FE-54548331D537}.Debug|Any CPU.ActiveCfg = Debug|Any CPU
		{29422E47-6718-4393-83FE-54548331D537}.Debug|Any CPU.Build.0 = Debug|Any CPU
		{29422E47-6718-4393-83FE-54548331D537}.Release|Any CPU.ActiveCfg = Release|Any CPU
		{29422E47-6718-4393-83FE-54548331D537}.Release|Any CPU.Build.0 = Release|Any CPU
		{51797072-44A1-4F17-86AF-A2C88A307F42}.Debug|Any CPU.ActiveCfg = Debug|Any CPU
		{51797072-44A1-4F17-86AF-A2C88A307F42}.Debug|Any CPU.Build.0 = Debug|Any CPU
		{51797072-44A1-4F17-86AF-A2C88A307F42}.Release|Any CPU.ActiveCfg = Release|Any CPU
		{51797072-44A1-4F17-86AF-A2C88A307F42}.Release|Any CPU.Build.0 = Release|Any CPU
		{5A83B9B0-69D8-4DD0-B627-65FBB4FAA04D}.Debug|Any CPU.ActiveCfg = Debug|Any CPU
		{5A83B9B0-69D8-4DD0-B627-65FBB4FAA04D}.Debug|Any CPU.Build.0 = Debug|Any CPU
		{5A83B9B0-69D8-4DD0-B627-65FBB4FAA04D}.Release|Any CPU.ActiveCfg = Release|Any CPU
		{5A83B9B0-69D8-4DD0-B627-65FBB4FAA04D}.Release|Any CPU.Build.0 = Release|Any CPU
		{3B9ED797-B28B-489F-8C8A-75C4C8986BC6}.Debug|Any CPU.ActiveCfg = Debug|Any CPU
		{3B9ED797-B28B-489F-8C8A-75C4C8986BC6}.Debug|Any CPU.Build.0 = Debug|Any CPU
		{3B9ED797-B28B-489F-8C8A-75C4C8986BC6}.Release|Any CPU.ActiveCfg = Release|Any CPU
		{3B9ED797-B28B-489F-8C8A-75C4C8986BC6}.Release|Any CPU.Build.0 = Release|Any CPU
		{F41D2137-5C87-4E10-ABA7-61DDD3C93C46}.Debug|Any CPU.ActiveCfg = Debug|Any CPU
		{F41D2137-5C87-4E10-ABA7-61DDD3C93C46}.Debug|Any CPU.Build.0 = Debug|Any CPU
		{F41D2137-5C87-4E10-ABA7-61DDD3C93C46}.Release|Any CPU.ActiveCfg = Release|Any CPU
		{F41D2137-5C87-4E10-ABA7-61DDD3C93C46}.Release|Any CPU.Build.0 = Release|Any CPU
		{C1F62EC1-517C-45AE-BC2B-2B9CFDF49955}.Debug|Any CPU.ActiveCfg = Debug|Any CPU
		{C1F62EC1-517C-45AE-BC2B-2B9CFDF49955}.Debug|Any CPU.Build.0 = Debug|Any CPU
		{C1F62EC1-517C-45AE-BC2B-2B9CFDF49955}.Release|Any CPU.ActiveCfg = Release|Any CPU
		{C1F62EC1-517C-45AE-BC2B-2B9CFDF49955}.Release|Any CPU.Build.0 = Release|Any CPU
		{87ADD5A9-86C7-4839-A7B7-993551C2E8B1}.Debug|Any CPU.ActiveCfg = Debug|Any CPU
		{87ADD5A9-86C7-4839-A7B7-993551C2E8B1}.Debug|Any CPU.Build.0 = Debug|Any CPU
		{87ADD5A9-86C7-4839-A7B7-993551C2E8B1}.Release|Any CPU.ActiveCfg = Release|Any CPU
		{87ADD5A9-86C7-4839-A7B7-993551C2E8B1}.Release|Any CPU.Build.0 = Release|Any CPU
	EndGlobalSection
	GlobalSection(SolutionProperties) = preSolution
		HideSolutionNode = FALSE
	EndGlobalSection
	GlobalSection(NestedProjects) = preSolution
		{04A2E709-69CD-4457-89EF-12EE18682F3F} = {6164FF06-9753-4911-9B58-C48903E7008C}
		{EEB3025D-6356-4DFC-8303-CCAC9BE63874} = {6164FF06-9753-4911-9B58-C48903E7008C}
		{29422E47-6718-4393-83FE-54548331D537} = {6164FF06-9753-4911-9B58-C48903E7008C}
		{51797072-44A1-4F17-86AF-A2C88A307F42} = {4915999A-59B4-4060-8D62-FD4F28AA4AAC}
		{5A83B9B0-69D8-4DD0-B627-65FBB4FAA04D} = {4915999A-59B4-4060-8D62-FD4F28AA4AAC}
		{3B9ED797-B28B-489F-8C8A-75C4C8986BC6} = {4915999A-59B4-4060-8D62-FD4F28AA4AAC}
		{F41D2137-5C87-4E10-ABA7-61DDD3C93C46} = {5CEA95EE-1843-46D5-964D-5DCC43B435D5}
		{C1F62EC1-517C-45AE-BC2B-2B9CFDF49955} = {5CEA95EE-1843-46D5-964D-5DCC43B435D5}
		{87ADD5A9-86C7-4839-A7B7-993551C2E8B1} = {5CEA95EE-1843-46D5-964D-5DCC43B435D5}
	EndGlobalSection
	GlobalSection(ExtensibilityGlobals) = postSolution
		SolutionGuid = {26C85430-C765-4E34-A0BD-135B4DDE41CF}
	EndGlobalSection
EndGlobal
