
Microsoft Visual Studio Solution File, Format Version 12.00
# Visual Studio Version 17
VisualStudioVersion = 17.11.35303.130
MinimumVisualStudioVersion = 10.0.40219.1
Project("{2150E333-8FDC-42A3-9474-1A3956D46DE8}") = "Task0", "Task0", "{6164FF06-9753-4911-9B58-C48903E7008C}"
EndProject
Project("{9A19103F-16F7-4668-BE54-9A1E7A4F7556}") = "Tyuiu.FrankoVA.Sprint2.Task0.V19", "Tyuiu.FrankoVA.Sprint2.Task0.V19\Tyuiu.FrankoVA.Sprint2.Task0.V19.csproj", "{04A2E709-69CD-4457-89EF-12EE18682F3F}"
EndProject
Project("{9A19103F-16F7-4668-BE54-9A1E7A4F7556}") = "Tyuiu.FrankoVA.Sprint2.Task0.V19.Lib", "Tyuiu.FrankoVA.Sprint2.Task0.V19.Lib\Tyuiu.FrankoVA.Sprint2.Task0.V19.Lib.csproj", "{EEB3025D-6356-4DFC-8303-CCAC9BE63874}"
EndProject
Project("{9A19103F-16F7-4668-BE54-9A1E7A4F7556}") = "Tyuiu.FrankoVA.Sprint2.Task0.V19.Test", "Tyuiu.FrankoVA.Sprint2.Task0.V19.Test\Tyuiu.FrankoVA.Sprint2.Task0.V19.Test.csproj", "{29422E47-6718-4393-83FE-54548331D537}"
EndProject
Project("{2150E333-8FDC-42A3-9474-1A3956D46DE8}") = "Task1", "Task1", "{4915999A-59B4-4060-8D62-FD4F28AA4AAC}"
EndProject
Project("{9A19103F-16F7-4668-BE54-9A1E7A4F7556}") = "Tyuiu.FrankoVA.Sprint2.Task1.V15", "Tyuiu.FrankoVA.Sprint2.Task1.V15\Tyuiu.FrankoVA.Sprint2.Task1.V15.csproj", "{51797072-44A1-4F17-86AF-A2C88A307F42}"
EndProject
Project("{9A19103F-16F7-4668-BE54-9A1E7A4F7556}") = "Tyuiu.FrankoVA.Sprint2.Task1.V15.Test", "Tyuiu.FrankoVA.Sprint2.Task1.V15.Test\Tyuiu.FrankoVA.Sprint2.Task1.V15.Test.csproj", "{5A83B9B0-69D8-4DD0-B627-65FBB4FAA04D}"
EndProject
Project("{9A19103F-16F7-4668-BE54-9A1E7A4F7556}") = "Tyuiu.FrankoVA.Sprint2.Task1.V15.Lib", "Tyuiu.FrankoVA.Sprint2.Task1.V15.Lib\Tyuiu.FrankoVA.Sprint2.Task1.V15.Lib.csproj", "{3B9ED797-B28B-489F-8C8A-75C4C8986BC6}"
EndProject
Project("{2150E333-8FDC-42A3-9474-1A3956D46DE8}") = "Task2", "Task2", "{5CEA95EE-1843-46D5-964D-5DCC43B435D5}"
EndProject
Project("{9A19103F-16F7-4668-BE54-9A1E7A4F7556}") = "Tyuiu.FrankoVA.Sprint2.Task2.V30", "Tyuiu.FrankoVA.Sprint2.Task2.V30\Tyuiu.FrankoVA.Sprint2.Task2.V30.csproj", "{F41D2137-5C87-4E10-ABA7-61DDD3C93C46}"
EndProject
Project("{9A19103F-16F7-4668-BE54-9A1E7A4F7556}") = "Tyuiu.FrankoVA.Sprint2.Task2.V30.Lib", "Tyuiu.FrankoVA.Sprint2.Task2.V30.Lib\Tyuiu.FrankoVA.Sprint2.Task2.V30.Lib.csproj", "{C1F62EC1-517C-45AE-BC2B-2B9CFDF49955}"
EndProject
Project("{9A19103F-16F7-4668-BE54-9A1E7A4F7556}") = "Tyuiu.FrankoVA.Sprint2.Task2.V30.Test", "Tyuiu.FrankoVA.Sprint2.Task2.V30.Test\Tyuiu.FrankoVA.Sprint2.Task2.V30.Test.csproj", "{87ADD5A9-86C7-4839-A7B7-993551C2E8B1}"
EndProject
Project("{2150E333-8FDC-42A3-9474-1A3956D46DE8}") = "Task3", "Task3", "{DAC14FA7-1161-40D7-AAF7-2687432CA659}"
EndProject
Project("{9A19103F-16F7-4668-BE54-9A1E7A4F7556}") = "Tyuiu.FrankoVA.Sprint2.Task3.V9", "Tyuiu.FrankoVA.Sprint2.Task3.V9\Tyuiu.FrankoVA.Sprint2.Task3.V9.csproj", "{420C7D48-DFEA-4E07-BA14-4219BE2EA3A8}"
EndProject
Project("{9A19103F-16F7-4668-BE54-9A1E7A4F7556}") = "Tyuiu.FrankoVA.Sprint2.Task3.V9.Test", "Tyuiu.FrankoVA.Sprint2.Task3.V9.Test\Tyuiu.FrankoVA.Sprint2.Task3.V9.Test.csproj", "{A3B92599-6482-43AD-9146-3196937716F5}"
EndProject
Project("{9A19103F-16F7-4668-BE54-9A1E7A4F7556}") = "Tyuiu.FrankoVA.Sprint2.Task3.V9.Lib", "Tyuiu.FrankoVA.Sprint2.Task3.V9.Lib\Tyuiu.FrankoVA.Sprint2.Task3.V9.Lib.csproj", "{8B621506-B662-4757-9041-7CD2ABF8B015}"
EndProject
Project("{2150E333-8FDC-42A3-9474-1A3956D46DE8}") = "Task4", "Task4", "{B4812AE3-9185-4EF8-97B2-CC936C0609C6}"
EndProject
Project("{9A19103F-16F7-4668-BE54-9A1E7A4F7556}") = "Tyuiu.FrankoVA.Sprint2.Task4.V1", "Tyuiu.FrankoVA.Sprint2.Task4.V1\Tyuiu.FrankoVA.Sprint2.Task4.V1.csproj", "{DC92675E-4D3E-4DA9-9EE6-4DBEC793E806}"
EndProject
Project("{9A19103F-16F7-4668-BE54-9A1E7A4F7556}") = "Tyuiu.FrankoVA.Sprint2.Task4.V1.Lib", "Tyuiu.FrankoVA.Sprint2.Task4.V1.Lib\Tyuiu.FrankoVA.Sprint2.Task4.V1.Lib.csproj", "{EA96137E-610A-41F8-BB9D-55D5DA0F56CE}"
EndProject
Project("{9A19103F-16F7-4668-BE54-9A1E7A4F7556}") = "Tyuiu.FrankoVA.Sprint2.Task4.V1.Test", "Tyuiu.FrankoVA.Sprint2.Task4.V1.Test\Tyuiu.FrankoVA.Sprint2.Task4.V1.Test.csproj", "{0A037199-5DB5-49EC-B914-80674E38BC91}"
EndProject
Project("{2150E333-8FDC-42A3-9474-1A3956D46DE8}") = "Task5", "Task5", "{4090E486-6C46-4153-90DB-18E977AC753F}"
EndProject
Project("{9A19103F-16F7-4668-BE54-9A1E7A4F7556}") = "Tyuiu.FrankoVA.Sprint2.Task5.V14", "Tyuiu.FrankoVA.Sprint2.Task5.V14\Tyuiu.FrankoVA.Sprint2.Task5.V14.csproj", "{0E110DDF-1339-42A0-8BD1-26FCFE3CA466}"
EndProject
Project("{9A19103F-16F7-4668-BE54-9A1E7A4F7556}") = "Tyuiu.FrankoVA.Sprint2.Task5.V14.Test", "Tyuiu.FrankoVA.Sprint2.Task5.V14.Test\Tyuiu.FrankoVA.Sprint2.Task5.V14.Test.csproj", "{8FA3B16A-C27E-4494-AC59-E4489B4878E7}"
EndProject
Project("{9A19103F-16F7-4668-BE54-9A1E7A4F7556}") = "Tyuiu.FrankoVA.Sprint2.Task5.V14.Lib", "Tyuiu.FrankoVA.Sprint2.Task5.V14.Lib\Tyuiu.FrankoVA.Sprint2.Task5.V14.Lib.csproj", "{D2AB8FB6-D390-4CEF-9BE9-074C61A79768}"
EndProject
Project("{2150E333-8FDC-42A3-9474-1A3956D46DE8}") = "Task6", "Task6", "{01AEA66E-C8B2-48BC-B20D-8E6A3EE87D15}"
EndProject
Project("{FAE04EC0-301F-11D3-BF4B-00C04F79EFBC}") = "Tyuiu.FrankoVA.Sprint2.Task6.V15", "Tyuiu.FrankoVA.Sprint2.Task6.V15\Tyuiu.FrankoVA.Sprint2.Task6.V15.csproj", "{B7B64778-1F3E-4C5E-B52F-5747BC1F6B8B}"
EndProject
Project("{FAE04EC0-301F-11D3-BF4B-00C04F79EFBC}") = "Tyuiu.FrankoVA.Sprint2.Task6.V15.Lib", "Tyuiu.FrankoVA.Sprint2.Task6.V15.Lib\Tyuiu.FrankoVA.Sprint2.Task6.V15.Lib.csproj", "{4263C0F7-BB29-48A6-A42F-77750D397582}"
EndProject
Project("{FAE04EC0-301F-11D3-BF4B-00C04F79EFBC}") = "Tyuiu.FrankoVA.Sprint2.Task6.V15.Test", "Tyuiu.FrankoVA.Sprint2.Task6.V15.Test\Tyuiu.FrankoVA.Sprint2.Task6.V15.Test.csproj", "{A9489959-3AFD-4709-B908-97E9B142DF4C}"
EndProject
Global
	GlobalSection(SolutionConfigurationPlatforms) = preSolution
		Debug|Any CPU = Debug|Any CPU
		Release|Any CPU = Release|Any CPU
	EndGlobalSection
	GlobalSection(ProjectConfigurationPlatforms) = postSolution
		{04A2E709-69CD-4457-89EF-12EE18682F3F}.Debug|Any CPU.ActiveCfg = Debug|Any CPU
		{04A2E709-69CD-4457-89EF-12EE18682F3F}.Debug|Any CPU.Build.0 = Debug|Any CPU
		{04A2E709-69CD-4457-89EF-12EE18682F3F}.Release|Any CPU.ActiveCfg = Release|Any CPU
		{04A2E709-69CD-4457-89EF-12EE18682F3F}.Release|Any CPU.Build.0 = Release|Any CPU
		{EEB3025D-6356-4DFC-8303-CCAC9BE63874}.Debug|Any CPU.ActiveCfg = Debug|Any CPU
		{EEB3025D-6356-4DFC-8303-CCAC9BE63874}.Debug|Any CPU.Build.0 = Debug|Any CPU
		{EEB3025D-6356-4DFC-8303-CCAC9BE63874}.Release|Any CPU.ActiveCfg = Release|Any CPU
		{EEB3025D-6356-4DFC-8303-CCAC9BE63874}.Release|Any CPU.Build.0 = Release|Any CPU
		{29422E47-6718-4393-83FE-54548331D537}.Debug|Any CPU.ActiveCfg = Debug|Any CPU
		{29422E47-6718-4393-83FE-54548331D537}.Debug|Any CPU.Build.0 = Debug|Any CPU
		{29422E47-6718-4393-83FE-54548331D537}.Release|Any CPU.ActiveCfg = Release|Any CPU
		{29422E47-6718-4393-83FE-54548331D537}.Release|Any CPU.Build.0 = Release|Any CPU
		{51797072-44A1-4F17-86AF-A2C88A307F42}.Debug|Any CPU.ActiveCfg = Debug|Any CPU
		{51797072-44A1-4F17-86AF-A2C88A307F42}.Debug|Any CPU.Build.0 = Debug|Any CPU
		{51797072-44A1-4F17-86AF-A2C88A307F42}.Release|Any CPU.ActiveCfg = Release|Any CPU
		{51797072-44A1-4F17-86AF-A2C88A307F42}.Release|Any CPU.Build.0 = Release|Any CPU
		{5A83B9B0-69D8-4DD0-B627-65FBB4FAA04D}.Debug|Any CPU.ActiveCfg = Debug|Any CPU
		{5A83B9B0-69D8-4DD0-B627-65FBB4FAA04D}.Debug|Any CPU.Build.0 = Debug|Any CPU
		{5A83B9B0-69D8-4DD0-B627-65FBB4FAA04D}.Release|Any CPU.ActiveCfg = Release|Any CPU
		{5A83B9B0-69D8-4DD0-B627-65FBB4FAA04D}.Release|Any CPU.Build.0 = Release|Any CPU
		{3B9ED797-B28B-489F-8C8A-75C4C8986BC6}.Debug|Any CPU.ActiveCfg = Debug|Any CPU
		{3B9ED797-B28B-489F-8C8A-75C4C8986BC6}.Debug|Any CPU.Build.0 = Debug|Any CPU
		{3B9ED797-B28B-489F-8C8A-75C4C8986BC6}.Release|Any CPU.ActiveCfg = Release|Any CPU
		{3B9ED797-B28B-489F-8C8A-75C4C8986BC6}.Release|Any CPU.Build.0 = Release|Any CPU
		{F41D2137-5C87-4E10-ABA7-61DDD3C93C46}.Debug|Any CPU.ActiveCfg = Debug|Any CPU
		{F41D2137-5C87-4E10-ABA7-61DDD3C93C46}.Debug|Any CPU.Build.0 = Debug|Any CPU
		{F41D2137-5C87-4E10-ABA7-61DDD3C93C46}.Release|Any CPU.ActiveCfg = Release|Any CPU
		{F41D2137-5C87-4E10-ABA7-61DDD3C93C46}.Release|Any CPU.Build.0 = Release|Any CPU
		{C1F62EC1-517C-45AE-BC2B-2B9CFDF49955}.Debug|Any CPU.ActiveCfg = Debug|Any CPU
		{C1F62EC1-517C-45AE-BC2B-2B9CFDF49955}.Debug|Any CPU.Build.0 = Debug|Any CPU
		{C1F62EC1-517C-45AE-BC2B-2B9CFDF49955}.Release|Any CPU.ActiveCfg = Release|Any CPU
		{C1F62EC1-517C-45AE-BC2B-2B9CFDF49955}.Release|Any CPU.Build.0 = Release|Any CPU
		{87ADD5A9-86C7-4839-A7B7-993551C2E8B1}.Debug|Any CPU.ActiveCfg = Debug|Any CPU
		{87ADD5A9-86C7-4839-A7B7-993551C2E8B1}.Debug|Any CPU.Build.0 = Debug|Any CPU
		{87ADD5A9-86C7-4839-A7B7-993551C2E8B1}.Release|Any CPU.ActiveCfg = Release|Any CPU
		{87ADD5A9-86C7-4839-A7B7-993551C2E8B1}.Release|Any CPU.Build.0 = Release|Any CPU
		{420C7D48-DFEA-4E07-BA14-4219BE2EA3A8}.Debug|Any CPU.ActiveCfg = Debug|Any CPU
		{420C7D48-DFEA-4E07-BA14-4219BE2EA3A8}.Debug|Any CPU.Build.0 = Debug|Any CPU
		{420C7D48-DFEA-4E07-BA14-4219BE2EA3A8}.Release|Any CPU.ActiveCfg = Release|Any CPU
		{420C7D48-DFEA-4E07-BA14-4219BE2EA3A8}.Release|Any CPU.Build.0 = Release|Any CPU
		{A3B92599-6482-43AD-9146-3196937716F5}.Debug|Any CPU.ActiveCfg = Debug|Any CPU
		{A3B92599-6482-43AD-9146-3196937716F5}.Debug|Any CPU.Build.0 = Debug|Any CPU
		{A3B92599-6482-43AD-9146-3196937716F5}.Release|Any CPU.ActiveCfg = Release|Any CPU
		{A3B92599-6482-43AD-9146-3196937716F5}.Release|Any CPU.Build.0 = Release|Any CPU
		{8B621506-B662-4757-9041-7CD2ABF8B015}.Debug|Any CPU.ActiveCfg = Debug|Any CPU
		{8B621506-B662-4757-9041-7CD2ABF8B015}.Debug|Any CPU.Build.0 = Debug|Any CPU
		{8B621506-B662-4757-9041-7CD2ABF8B015}.Release|Any CPU.ActiveCfg = Release|Any CPU
		{8B621506-B662-4757-9041-7CD2ABF8B015}.Release|Any CPU.Build.0 = Release|Any CPU
		{DC92675E-4D3E-4DA9-9EE6-4DBEC793E806}.Debug|Any CPU.ActiveCfg = Debug|Any CPU
		{DC92675E-4D3E-4DA9-9EE6-4DBEC793E806}.Debug|Any CPU.Build.0 = Debug|Any CPU
		{DC92675E-4D3E-4DA9-9EE6-4DBEC793E806}.Release|Any CPU.ActiveCfg = Release|Any CPU
		{DC92675E-4D3E-4DA9-9EE6-4DBEC793E806}.Release|Any CPU.Build.0 = Release|Any CPU
		{EA96137E-610A-41F8-BB9D-55D5DA0F56CE}.Debug|Any CPU.ActiveCfg = Debug|Any CPU
		{EA96137E-610A-41F8-BB9D-55D5DA0F56CE}.Debug|Any CPU.Build.0 = Debug|Any CPU
		{EA96137E-610A-41F8-BB9D-55D5DA0F56CE}.Release|Any CPU.ActiveCfg = Release|Any CPU
		{EA96137E-610A-41F8-BB9D-55D5DA0F56CE}.Release|Any CPU.Build.0 = Release|Any CPU
		{0A037199-5DB5-49EC-B914-80674E38BC91}.Debug|Any CPU.ActiveCfg = Debug|Any CPU
		{0A037199-5DB5-49EC-B914-80674E38BC91}.Debug|Any CPU.Build.0 = Debug|Any CPU
		{0A037199-5DB5-49EC-B914-80674E38BC91}.Release|Any CPU.ActiveCfg = Release|Any CPU
		{0A037199-5DB5-49EC-B914-80674E38BC91}.Release|Any CPU.Build.0 = Release|Any CPU
		{0E110DDF-1339-42A0-8BD1-26FCFE3CA466}.Debug|Any CPU.ActiveCfg = Debug|Any CPU
		{0E110DDF-1339-42A0-8BD1-26FCFE3CA466}.Debug|Any CPU.Build.0 = Debug|Any CPU
		{0E110DDF-1339-42A0-8BD1-26FCFE3CA466}.Release|Any CPU.ActiveCfg = Release|Any CPU
		{0E110DDF-1339-42A0-8BD1-26FCFE3CA466}.Release|Any CPU.Build.0 = Release|Any CPU
		{8FA3B16A-C27E-4494-AC59-E4489B4878E7}.Debug|Any CPU.ActiveCfg = Debug|Any CPU
		{8FA3B16A-C27E-4494-AC59-E4489B4878E7}.Debug|Any CPU.Build.0 = Debug|Any CPU
		{8FA3B16A-C27E-4494-AC59-E4489B4878E7}.Release|Any CPU.ActiveCfg = Release|Any CPU
		{8FA3B16A-C27E-4494-AC59-E4489B4878E7}.Release|Any CPU.Build.0 = Release|Any CPU
		{D2AB8FB6-D390-4CEF-9BE9-074C61A79768}.Debug|Any CPU.ActiveCfg = Debug|Any CPU
		{D2AB8FB6-D390-4CEF-9BE9-074C61A79768}.Debug|Any CPU.Build.0 = Debug|Any CPU
		{D2AB8FB6-D390-4CEF-9BE9-074C61A79768}.Release|Any CPU.ActiveCfg = Release|Any CPU
		{D2AB8FB6-D390-4CEF-9BE9-074C61A79768}.Release|Any CPU.Build.0 = Release|Any CPU
		{B7B64778-1F3E-4C5E-B52F-5747BC1F6B8B}.Debug|Any CPU.ActiveCfg = Debug|Any CPU
		{B7B64778-1F3E-4C5E-B52F-5747BC1F6B8B}.Debug|Any CPU.Build.0 = Debug|Any CPU
		{B7B64778-1F3E-4C5E-B52F-5747BC1F6B8B}.Release|Any CPU.ActiveCfg = Release|Any CPU
		{B7B64778-1F3E-4C5E-B52F-5747BC1F6B8B}.Release|Any CPU.Build.0 = Release|Any CPU
		{4263C0F7-BB29-48A6-A42F-77750D397582}.Debug|Any CPU.ActiveCfg = Debug|Any CPU
		{4263C0F7-BB29-48A6-A42F-77750D397582}.Debug|Any CPU.Build.0 = Debug|Any CPU
		{4263C0F7-BB29-48A6-A42F-77750D397582}.Release|Any CPU.ActiveCfg = Release|Any CPU
		{4263C0F7-BB29-48A6-A42F-77750D397582}.Release|Any CPU.Build.0 = Release|Any CPU
		{A9489959-3AFD-4709-B908-97E9B142DF4C}.Debug|Any CPU.ActiveCfg = Debug|Any CPU
		{A9489959-3AFD-4709-B908-97E9B142DF4C}.Debug|Any CPU.Build.0 = Debug|Any CPU
		{A9489959-3AFD-4709-B908-97E9B142DF4C}.Release|Any CPU.ActiveCfg = Release|Any CPU
		{A9489959-3AFD-4709-B908-97E9B142DF4C}.Release|Any CPU.Build.0 = Release|Any CPU
	EndGlobalSection
	GlobalSection(SolutionProperties) = preSolution
		HideSolutionNode = FALSE
	EndGlobalSection
	GlobalSection(NestedProjects) = preSolution
		{04A2E709-69CD-4457-89EF-12EE18682F3F} = {6164FF06-9753-4911-9B58-C48903E7008C}
		{EEB3025D-6356-4DFC-8303-CCAC9BE63874} = {6164FF06-9753-4911-9B58-C48903E7008C}
		{29422E47-6718-4393-83FE-54548331D537} = {6164FF06-9753-4911-9B58-C48903E7008C}
		{51797072-44A1-4F17-86AF-A2C88A307F42} = {4915999A-59B4-4060-8D62-FD4F28AA4AAC}
		{5A83B9B0-69D8-4DD0-B627-65FBB4FAA04D} = {4915999A-59B4-4060-8D62-FD4F28AA4AAC}
		{3B9ED797-B28B-489F-8C8A-75C4C8986BC6} = {4915999A-59B4-4060-8D62-FD4F28AA4AAC}
		{F41D2137-5C87-4E10-ABA7-61DDD3C93C46} = {5CEA95EE-1843-46D5-964D-5DCC43B435D5}
		{C1F62EC1-517C-45AE-BC2B-2B9CFDF49955} = {5CEA95EE-1843-46D5-964D-5DCC43B435D5}
		{87ADD5A9-86C7-4839-A7B7-993551C2E8B1} = {5CEA95EE-1843-46D5-964D-5DCC43B435D5}
		{420C7D48-DFEA-4E07-BA14-4219BE2EA3A8} = {DAC14FA7-1161-40D7-AAF7-2687432CA659}
		{A3B92599-6482-43AD-9146-3196937716F5} = {DAC14FA7-1161-40D7-AAF7-2687432CA659}
		{8B621506-B662-4757-9041-7CD2ABF8B015} = {DAC14FA7-1161-40D7-AAF7-2687432CA659}
		{DC92675E-4D3E-4DA9-9EE6-4DBEC793E806} = {B4812AE3-9185-4EF8-97B2-CC936C0609C6}
		{EA96137E-610A-41F8-BB9D-55D5DA0F56CE} = {B4812AE3-9185-4EF8-97B2-CC936C0609C6}
		{0A037199-5DB5-49EC-B914-80674E38BC91} = {B4812AE3-9185-4EF8-97B2-CC936C0609C6}
		{0E110DDF-1339-42A0-8BD1-26FCFE3CA466} = {4090E486-6C46-4153-90DB-18E977AC753F}
		{8FA3B16A-C27E-4494-AC59-E4489B4878E7} = {4090E486-6C46-4153-90DB-18E977AC753F}
		{D2AB8FB6-D390-4CEF-9BE9-074C61A79768} = {4090E486-6C46-4153-90DB-18E977AC753F}
		{B7B64778-1F3E-4C5E-B52F-5747BC1F6B8B} = {01AEA66E-C8B2-48BC-B20D-8E6A3EE87D15}
		{4263C0F7-BB29-48A6-A42F-77750D397582} = {01AEA66E-C8B2-48BC-B20D-8E6A3EE87D15}
		{A9489959-3AFD-4709-B908-97E9B142DF4C} = {01AEA66E-C8B2-48BC-B20D-8E6A3EE87D15}
	EndGlobalSection
	GlobalSection(ExtensibilityGlobals) = postSolution
		SolutionGuid = {26C85430-C765-4E34-A0BD-135B4DDE41CF}
	EndGlobalSection
EndGlobal
